
Microsoft Visual Studio Solution File, Format Version 12.00
# Visual Studio 14
VisualStudioVersion = 14.0.23107.0
MinimumVisualStudioVersion = 10.0.40219.1
Project("{FAE04EC0-301F-11D3-BF4B-00C04F79EFBC}") = "BlogMichel.DB", "BlogMichel.DB\BlogMichel.DB.csproj", "{13F3E999-5D78-4178-9F0B-412B6B21EA35}"
EndProject
Project("{FAE04EC0-301F-11D3-BF4B-00C04F79EFBC}") = "BlogMichel.Web", "BlogMichel.Web\BlogMichel.Web.csproj", "{68415796-7BA5-474F-8716-3FD9C1018C13}"
EndProject
Global
	GlobalSection(SolutionConfigurationPlatforms) = preSolution
		Debug|Any CPU = Debug|Any CPU
		Release|Any CPU = Release|Any CPU
	EndGlobalSection
	GlobalSection(ProjectConfigurationPlatforms) = postSolution
		{13F3E999-5D78-4178-9F0B-412B6B21EA35}.Debug|Any CPU.ActiveCfg = Debug|Any CPU
		{13F3E999-5D78-4178-9F0B-412B6B21EA35}.Debug|Any CPU.Build.0 = Debug|Any CPU
		{13F3E999-5D78-4178-9F0B-412B6B21EA35}.Release|Any CPU.ActiveCfg = Release|Any CPU
		{13F3E999-5D78-4178-9F0B-412B6B21EA35}.Release|Any CPU.Build.0 = Release|Any CPU
		{68415796-7BA5-474F-8716-3FD9C1018C13}.Debug|Any CPU.ActiveCfg = Debug|Any CPU
		{68415796-7BA5-474F-8716-3FD9C1018C13}.Debug|Any CPU.Build.0 = Debug|Any CPU
		{68415796-7BA5-474F-8716-3FD9C1018C13}.Release|Any CPU.ActiveCfg = Release|Any CPU
		{68415796-7BA5-474F-8716-3FD9C1018C13}.Release|Any CPU.Build.0 = Release|Any CPU
	EndGlobalSection
	GlobalSection(SolutionProperties) = preSolution
		HideSolutionNode = FALSE
	EndGlobalSection
EndGlobal
